
Microsoft Visual Studio Solution File, Format Version 12.00
# Visual Studio 15
VisualStudioVersion = 15.0.27130.2010
MinimumVisualStudioVersion = 10.0.40219.1
Project("{FAE04EC0-301F-11D3-BF4B-00C04F79EFBC}") = "GMM", "GMM\GMM.csproj", "{955716E6-0078-4B99-9C31-05E7F9EC1573}"
EndProject
Project("{54435603-DBB4-11D2-8724-00A0C9A8B90C}") = "Setup1", "Setup1\Setup1.vdproj", "{64FBA161-3FE3-4D72-8145-728A9057845A}"
EndProject
Global
	GlobalSection(SolutionConfigurationPlatforms) = preSolution
		Debug|Any CPU = Debug|Any CPU
		Release|Any CPU = Release|Any CPU
	EndGlobalSection
	GlobalSection(ProjectConfigurationPlatforms) = postSolution
		{955716E6-0078-4B99-9C31-05E7F9EC1573}.Debug|Any CPU.ActiveCfg = Debug|Any CPU
		{955716E6-0078-4B99-9C31-05E7F9EC1573}.Debug|Any CPU.Build.0 = Debug|Any CPU
		{955716E6-0078-4B99-9C31-05E7F9EC1573}.Release|Any CPU.ActiveCfg = Release|Any CPU
		{955716E6-0078-4B99-9C31-05E7F9EC1573}.Release|Any CPU.Build.0 = Release|Any CPU
		{64FBA161-3FE3-4D72-8145-728A9057845A}.Debug|Any CPU.ActiveCfg = Debug
		{64FBA161-3FE3-4D72-8145-728A9057845A}.Release|Any CPU.ActiveCfg = Release
	EndGlobalSection
	GlobalSection(SolutionProperties) = preSolution
		HideSolutionNode = FALSE
	EndGlobalSection
	GlobalSection(ExtensibilityGlobals) = postSolution
		SolutionGuid = {723CE68E-4E0A-44A2-939C-CFC15BFAA636}
	EndGlobalSection
EndGlobal
